{
  "name": "fotos",
  "version": "2.0.0",
  "lockfileVersion": 3,
  "requires": true,
  "packages": {
    "": {
      "name": "fotos",
      "version": "2.0.0",
      "license": "ISC",
      "dependencies": {
        "javascript-flex-images": "^1.0.2",
        "jxl.js": "git+https://github.com/niutech/jxl.js",
        "minireset.css": "^0.0.7",
        "photoswipe": "^5.3.6"
      },
      "devDependencies": {}
    },
    "node_modules/javascript-flex-images": {
      "version": "1.0.2",
      "resolved": "https://registry.npmjs.org/javascript-flex-images/-/javascript-flex-images-1.0.2.tgz",
      "integrity": "sha512-4WZ9/76DurcScqqho8/6IN4C41c9pr7n+FwW2RB/oTao0NrdG263IA59pBDA4PaMSvd4PnjMfLZ/EHL5ggVYRA=="
    },
    "node_modules/jxl.js": {
      "version": "1.0.3",
      "resolved": "git+ssh://git@github.com/niutech/jxl.js.git#7c5d0570dc3884293af7c68ab7f30e55a636b91e",
      "license": "Apache-2.0"
    },
    "node_modules/minireset.css": {
      "version": "0.0.7",
      "resolved": "https://registry.npmjs.org/minireset.css/-/minireset.css-0.0.7.tgz",
      "integrity": "sha512-raWKK2aHP/MI4Yu72dU6hade1YFuoyDQtSUi/FiIZfeRHjgL81uN/nFvG2aoAr+mseRc3jpg47jQqx1/+6w+kQ=="
    },
    "node_modules/photoswipe": {
      "version": "5.3.6",
      "resolved": "https://registry.npmjs.org/photoswipe/-/photoswipe-5.3.6.tgz",
      "integrity": "sha512-v7e8iMfaPUujTACYsK5HBCCtFoW9n2dMZmjIlbvFS2oSpTQmPrfc3PrWnGx8OGY3jNOKho8JC8L277+m+9ag9Q==",
      "engines": {
        "node": ">= 0.12.0"
      }
    }
  }
}
