{
  "name": "fotos",
  "version": "2.0.0",
  "lockfileVersion": 2,
  "requires": true,
  "packages": {
    "": {
      "version": "2.0.0",
      "license": "ISC",
      "dependencies": {
        "javascript-flex-images": "^1.0.2",
        "minireset.css": "0.0.6",
        "photoswipe": "^4.1.3"
      },
      "devDependencies": {}
    },
    "node_modules/javascript-flex-images": {
      "version": "1.0.2",
      "resolved": "https://registry.npmjs.org/javascript-flex-images/-/javascript-flex-images-1.0.2.tgz",
      "integrity": "sha1-k/ZUIkRcuaeMlxob7ju42eAqNMI="
    },
    "node_modules/minireset.css": {
      "version": "0.0.6",
      "resolved": "https://registry.npmjs.org/minireset.css/-/minireset.css-0.0.6.tgz",
      "integrity": "sha512-aluj16Tc1KhEYGDa/tedYzIbZ2Ax/JR25MUQzGkqOrcw/P5OPSlwNNrlLpdULu0xFNnxu2SRHx4rKiIMq3iSTQ=="
    },
    "node_modules/photoswipe": {
      "version": "4.1.3",
      "resolved": "https://registry.npmjs.org/photoswipe/-/photoswipe-4.1.3.tgz",
      "integrity": "sha512-89Z43IRUyw7ycTolo+AaiDn3W1EEIfox54hERmm9bI12IB9cvRfHSHez3XhAyU8XW2EAFrC+2sKMhh7SJwn0bA==",
      "engines": {
        "node": ">= 0.8.0"
      }
    }
  },
  "dependencies": {
    "javascript-flex-images": {
      "version": "1.0.2",
      "resolved": "https://registry.npmjs.org/javascript-flex-images/-/javascript-flex-images-1.0.2.tgz",
      "integrity": "sha1-k/ZUIkRcuaeMlxob7ju42eAqNMI="
    },
    "minireset.css": {
      "version": "0.0.6",
      "resolved": "https://registry.npmjs.org/minireset.css/-/minireset.css-0.0.6.tgz",
      "integrity": "sha512-aluj16Tc1KhEYGDa/tedYzIbZ2Ax/JR25MUQzGkqOrcw/P5OPSlwNNrlLpdULu0xFNnxu2SRHx4rKiIMq3iSTQ=="
    },
    "photoswipe": {
      "version": "4.1.3",
      "resolved": "https://registry.npmjs.org/photoswipe/-/photoswipe-4.1.3.tgz",
      "integrity": "sha512-89Z43IRUyw7ycTolo+AaiDn3W1EEIfox54hERmm9bI12IB9cvRfHSHez3XhAyU8XW2EAFrC+2sKMhh7SJwn0bA=="
    }
  }
}
