{
  "name": "fotos",
  "version": "1.0.0",
  "lockfileVersion": 1,
  "dependencies": {
    "javascript-flex-images": {
      "version": "1.0.2",
      "resolved": "https://registry.npmjs.org/javascript-flex-images/-/javascript-flex-images-1.0.2.tgz",
      "integrity": "sha1-k/ZUIkRcuaeMlxob7ju42eAqNMI="
    },
    "minireset.css": {
      "version": "0.0.3",
      "resolved": "https://registry.npmjs.org/minireset.css/-/minireset.css-0.0.3.tgz",
      "integrity": "sha1-CxEtu9eAnqD8llOIt5/Sk5B3j+U="
    },
    "photoswipe": {
      "version": "4.1.2",
      "resolved": "https://registry.npmjs.org/photoswipe/-/photoswipe-4.1.2.tgz",
      "integrity": "sha1-lcIKdc6iO3DWKZZBytguA8rn95c="
    }
  }
}
